
Microsoft Visual Studio Solution File, Format Version 11.00
# Visual Studio 2010
Project("{FAE04EC0-301F-11D3-BF4B-00C04F79EFBC}") = "Prison Break", "Assembly-CSharp-firstpass.csproj", "{A7445C5A-1741-26E3-285C-51A288DC7585}"
EndProject
Project("{FAE04EC0-301F-11D3-BF4B-00C04F79EFBC}") = "Prison Break", "Assembly-CSharp.csproj", "{2927EC71-0F40-AB69-A12D-084BB8BB087A}"
EndProject
Project("{FAE04EC0-301F-11D3-BF4B-00C04F79EFBC}") = "Prison Break", "Assembly-CSharp-Editor-firstpass.csproj", "{FA996CED-0C86-8D1A-994F-02840E792C85}"
EndProject
Global
	GlobalSection(SolutionConfigurationPlatforms) = preSolution
		Debug|Any CPU = Debug|Any CPU
		Release|Any CPU = Release|Any CPU
	EndGlobalSection
	GlobalSection(ProjectConfigurationPlatforms) = postSolution
		{A7445C5A-1741-26E3-285C-51A288DC7585}.Debug|Any CPU.ActiveCfg = Debug|Any CPU
		{A7445C5A-1741-26E3-285C-51A288DC7585}.Debug|Any CPU.Build.0 = Debug|Any CPU
		{A7445C5A-1741-26E3-285C-51A288DC7585}.Release|Any CPU.ActiveCfg = Release|Any CPU
		{A7445C5A-1741-26E3-285C-51A288DC7585}.Release|Any CPU.Build.0 = Release|Any CPU
		{2927EC71-0F40-AB69-A12D-084BB8BB087A}.Debug|Any CPU.ActiveCfg = Debug|Any CPU
		{2927EC71-0F40-AB69-A12D-084BB8BB087A}.Debug|Any CPU.Build.0 = Debug|Any CPU
		{2927EC71-0F40-AB69-A12D-084BB8BB087A}.Release|Any CPU.ActiveCfg = Release|Any CPU
		{2927EC71-0F40-AB69-A12D-084BB8BB087A}.Release|Any CPU.Build.0 = Release|Any CPU
		{FA996CED-0C86-8D1A-994F-02840E792C85}.Debug|Any CPU.ActiveCfg = Debug|Any CPU
		{FA996CED-0C86-8D1A-994F-02840E792C85}.Debug|Any CPU.Build.0 = Debug|Any CPU
		{FA996CED-0C86-8D1A-994F-02840E792C85}.Release|Any CPU.ActiveCfg = Release|Any CPU
		{FA996CED-0C86-8D1A-994F-02840E792C85}.Release|Any CPU.Build.0 = Release|Any CPU
	EndGlobalSection
	GlobalSection(SolutionProperties) = preSolution
		HideSolutionNode = FALSE
	EndGlobalSection
	GlobalSection(MonoDevelopProperties) = preSolution
		StartupItem = Assembly-CSharp.csproj
	EndGlobalSection
EndGlobal
